
Microsoft Visual Studio Solution File, Format Version 12.00
# Visual Studio Version 16
VisualStudioVersion = 16.0.31005.135
MinimumVisualStudioVersion = 10.0.40219.1
Project("{FAE04EC0-301F-11D3-BF4B-00C04F79EFBC}") = "影片練習1", "影片練習1\影片練習1.csproj", "{4346385F-9BDF-4182-B073-8965571670A6}"
EndProject
Global
	GlobalSection(SolutionConfigurationPlatforms) = preSolution
		Debug|Any CPU = Debug|Any CPU
		Release|Any CPU = Release|Any CPU
	EndGlobalSection
	GlobalSection(ProjectConfigurationPlatforms) = postSolution
		{4346385F-9BDF-4182-B073-8965571670A6}.Debug|Any CPU.ActiveCfg = Debug|Any CPU
		{4346385F-9BDF-4182-B073-8965571670A6}.Debug|Any CPU.Build.0 = Debug|Any CPU
		{4346385F-9BDF-4182-B073-8965571670A6}.Release|Any CPU.ActiveCfg = Release|Any CPU
		{4346385F-9BDF-4182-B073-8965571670A6}.Release|Any CPU.Build.0 = Release|Any CPU
	EndGlobalSection
	GlobalSection(SolutionProperties) = preSolution
		HideSolutionNode = FALSE
	EndGlobalSection
	GlobalSection(ExtensibilityGlobals) = postSolution
		SolutionGuid = {243B980F-BB04-49C3-AAA8-079633F201E6}
	EndGlobalSection
EndGlobal
